
Microsoft Visual Studio Solution File, Format Version 12.00
# Visual Studio Version 16
VisualStudioVersion = 16.0.31205.134
MinimumVisualStudioVersion = 10.0.40219.1
Project("{9A19103F-16F7-4668-BE54-9A1E7A4F7556}") = "ITMO.CSharp.Lab2.BankAccount", "ITMO.CSharp.Lab2.BankAccount\ITMO.CSharp.Lab2.BankAccount.csproj", "{940022B8-54ED-4212-8894-6DBB5CBB653D}"
EndProject
Project("{2150E333-8FDC-42A3-9474-1A3956D46DE8}") = "Lab1", "Lab1", "{22321A0B-F099-4E96-98F5-B6ACE64617DC}"
EndProject
Project("{9A19103F-16F7-4668-BE54-9A1E7A4F7556}") = "ITMO.CSharp.Lab1.Greeter", "ITMO.CSharp.Lab1.Greeter\ITMO.CSharp.Lab1.Greeter.csproj", "{1A5C7C56-64AD-42A7-8705-FF7C2D439493}"
EndProject
Project("{9A19103F-16F7-4668-BE54-9A1E7A4F7556}") = "ITMO.CSharp.Lab1.DivideIt", "ITMO.CSharp.Lab1.DivideIt\ITMO.CSharp.Lab1.DivideIt.csproj", "{B8ADF674-D0CD-4285-BA98-20AB2CE1C9DC}"
EndProject
Project("{2150E333-8FDC-42A3-9474-1A3956D46DE8}") = "Lab2", "Lab2", "{268BDD99-B48D-455F-9056-B37D25238E4A}"
EndProject
Project("{9A19103F-16F7-4668-BE54-9A1E7A4F7556}") = "ITMO.CSharp.Lab2.StructType", "ITMO.CSharp.Lab2.StructType\ITMO.CSharp.Lab2.StructType.csproj", "{D08203A9-41CE-46DE-835B-843DDE41C2CC}"
EndProject
Project("{2150E333-8FDC-42A3-9474-1A3956D46DE8}") = "Lab3", "Lab3", "{470CB50B-0DCB-480B-8B1D-BF9930896F12}"
EndProject
Project("{9A19103F-16F7-4668-BE54-9A1E7A4F7556}") = "ITMO.CSharp.Lab3.WhatDay1", "ITMO.CSharp.Lab3.WhatDay1\ITMO.CSharp.Lab3.WhatDay1.csproj", "{C26AC7E3-07C2-41DB-82D9-B40F17086A78}"
EndProject
Project("{9A19103F-16F7-4668-BE54-9A1E7A4F7556}") = "ITMO.CSharp.Lab3.WhatDay2", "ITMO.CSharp.Lab3.WhatDay2\ITMO.CSharp.Lab3.WhatDay2.csproj", "{4EFF9E85-6882-4389-AB11-904235302282}"
EndProject
Project("{9A19103F-16F7-4668-BE54-9A1E7A4F7556}") = "ITMO.CSharp.Lab3.WhatDay3", "ITMO.CSharp.Lab3.WhatDay3\ITMO.CSharp.Lab3.WhatDay3.csproj", "{3229940A-0D1C-481D-A4BB-B809F7CA03C1}"
EndProject
Project("{2150E333-8FDC-42A3-9474-1A3956D46DE8}") = "Lab4", "Lab4", "{00A840DD-91BC-4744-BF93-C58ECF203A3F}"
EndProject
Project("{9A19103F-16F7-4668-BE54-9A1E7A4F7556}") = "ITMO.CSharp.Lab4.Utility", "ITMO.CSharp.Lab4.Utility\ITMO.CSharp.Lab4.Utility.csproj", "{DBDCD20D-DBBC-432E-823F-01AE68D2FCA6}"
EndProject
Project("{2150E333-8FDC-42A3-9474-1A3956D46DE8}") = "Lab5", "Lab5", "{23F758CE-265A-448B-A3D5-556BF9D58FF0}"
EndProject
Project("{9A19103F-16F7-4668-BE54-9A1E7A4F7556}") = "ITMO.CSharp.Lab5.FileDetails", "ITMO.CSharp.Lab5.FileDetails\ITMO.CSharp.Lab5.FileDetails.csproj", "{8FB4B2A6-9F7C-4599-BDA7-2652851F49D1}"
EndProject
Project("{9A19103F-16F7-4668-BE54-9A1E7A4F7556}") = "ITMO.CSharp.Lab5.MatrixMultiply", "ITMO.CSharp.Lab5.MatrixMultiply\ITMO.CSharp.Lab5.MatrixMultiply.csproj", "{DD4B3C13-DE21-4756-AA31-18F560CD64F9}"
EndProject
Project("{2150E333-8FDC-42A3-9474-1A3956D46DE8}") = "Lab6", "Lab6", "{8F600FCA-F912-4EEF-91F9-E16F7DC0FDD9}"
EndProject
Project("{9A19103F-16F7-4668-BE54-9A1E7A4F7556}") = "ITMO.CSharp.Lab6.Ex1.CreateAccount", "ITMO.CSharp.Lab6.Ex1.CreateAccount\ITMO.CSharp.Lab6.Ex1.CreateAccount.csproj", "{4629BD55-2A77-4901-89A1-7F1A5F7E16F6}"
EndProject
Project("{9A19103F-16F7-4668-BE54-9A1E7A4F7556}") = "ITMO.CSharp.Lab6.Ex2.UniqueNumbers", "ITMO.CSharp.Lab6.Ex2.UniqueNumbers\ITMO.CSharp.Lab6.Ex2.UniqueNumbers.csproj", "{FA5F1C1A-3C17-412B-BF70-893FDA748C60}"
EndProject
Project("{9A19103F-16F7-4668-BE54-9A1E7A4F7556}") = "ITMO.CSharp.Lab6.Ex3.MoreMethods", "ITMO.CSharp.Lab6.Ex3.MoreMethods\ITMO.CSharp.Lab6.Ex3.MoreMethods.csproj", "{03B51AE4-009A-4654-90BA-585105A941F4}"
EndProject
Project("{2150E333-8FDC-42A3-9474-1A3956D46DE8}") = "Lab6FromLecture", "Lab6FromLecture", "{3F321918-4D54-469F-96D1-B33779B4AC43}"
EndProject
Project("{9A19103F-16F7-4668-BE54-9A1E7A4F7556}") = "ITMO.CSharp.Lab6.FromLecture", "ITMO.CSharp.Lab6.FromLecture\ITMO.CSharp.Lab6.FromLecture.csproj", "{BA152884-F12F-433C-BB2E-B948AD4E7E27}"
EndProject
Project("{2150E333-8FDC-42A3-9474-1A3956D46DE8}") = "Lab7", "Lab7", "{02D2B8DD-8701-4DBF-A81B-8322BA4D305A}"
EndProject
Project("{2150E333-8FDC-42A3-9474-1A3956D46DE8}") = "Lab7.1FromLecture", "Lab7.1FromLecture", "{43FBE782-1A63-4424-B80A-2F54276AB688}"
EndProject
Project("{9A19103F-16F7-4668-BE54-9A1E7A4F7556}") = "ITMO.CSharp.Lab7.1.FromLecture", "ITMO.CSharp.Lab7.1.FromLecture\ITMO.CSharp.Lab7.1.FromLecture.csproj", "{56CE736A-0332-4064-B888-E637A288C0FC}"
EndProject
Project("{FAE04EC0-301F-11D3-BF4B-00C04F79EFBC}") = "ITMO.CSharp.Lab7.Ex1.Bank", "ITMO.CSharp.Lab7.Ex1.Bank\ITMO.CSharp.Lab7.Ex1.Bank.csproj", "{05510CF8-0095-40FF-9B9C-CC279F8494D7}"
EndProject
Project("{FAE04EC0-301F-11D3-BF4B-00C04F79EFBC}") = "ITMO.CSharp.Lab7.Ex2.Utils", "ITMO.CSharp.Lab7.Ex2.Utils\ITMO.CSharp.Lab7.Ex2.Utils.csproj", "{40C63E37-8712-45E2-B375-0EBCBE19E170}"
EndProject
Project("{FAE04EC0-301F-11D3-BF4B-00C04F79EFBC}") = "ITMO.CSharp.Lab7.Ex3.CopyFileUpper", "ITMO.CSharp.Lab7.Ex3.CopyFileUpper\ITMO.CSharp.Lab7.Ex3.CopyFileUpper.csproj", "{480469A3-6A26-4011-8B1E-98898FB75093}"
EndProject
Project("{FAE04EC0-301F-11D3-BF4B-00C04F79EFBC}") = "ITMO.CSharp.Lab7.Ex4.InterfaceTest", "ITMO.CSharp.Lab7.Ex4.InterfaceTest\ITMO.CSharp.Lab7.Ex4.InterfaceTest.csproj", "{BAB232B5-A3BF-4276-B4CE-D0A7296986D3}"
EndProject
Project("{FAE04EC0-301F-11D3-BF4B-00C04F79EFBC}") = "ITMO.CSharp.Lab7.Ex5.TestDisplay", "ITMO.CSharp.Lab7.Ex5.TestDisplay\ITMO.CSharp.Lab7.Ex5.TestDisplay.csproj", "{047E79A5-7F7C-41FD-865B-C2F4DFD48CEA}"
EndProject
Global
	GlobalSection(SolutionConfigurationPlatforms) = preSolution
		Debug|Any CPU = Debug|Any CPU
		Release|Any CPU = Release|Any CPU
	EndGlobalSection
	GlobalSection(ProjectConfigurationPlatforms) = postSolution
		{940022B8-54ED-4212-8894-6DBB5CBB653D}.Debug|Any CPU.ActiveCfg = Debug|Any CPU
		{940022B8-54ED-4212-8894-6DBB5CBB653D}.Debug|Any CPU.Build.0 = Debug|Any CPU
		{940022B8-54ED-4212-8894-6DBB5CBB653D}.Release|Any CPU.ActiveCfg = Release|Any CPU
		{940022B8-54ED-4212-8894-6DBB5CBB653D}.Release|Any CPU.Build.0 = Release|Any CPU
		{1A5C7C56-64AD-42A7-8705-FF7C2D439493}.Debug|Any CPU.ActiveCfg = Debug|Any CPU
		{1A5C7C56-64AD-42A7-8705-FF7C2D439493}.Debug|Any CPU.Build.0 = Debug|Any CPU
		{1A5C7C56-64AD-42A7-8705-FF7C2D439493}.Release|Any CPU.ActiveCfg = Release|Any CPU
		{1A5C7C56-64AD-42A7-8705-FF7C2D439493}.Release|Any CPU.Build.0 = Release|Any CPU
		{B8ADF674-D0CD-4285-BA98-20AB2CE1C9DC}.Debug|Any CPU.ActiveCfg = Debug|Any CPU
		{B8ADF674-D0CD-4285-BA98-20AB2CE1C9DC}.Debug|Any CPU.Build.0 = Debug|Any CPU
		{B8ADF674-D0CD-4285-BA98-20AB2CE1C9DC}.Release|Any CPU.ActiveCfg = Release|Any CPU
		{B8ADF674-D0CD-4285-BA98-20AB2CE1C9DC}.Release|Any CPU.Build.0 = Release|Any CPU
		{D08203A9-41CE-46DE-835B-843DDE41C2CC}.Debug|Any CPU.ActiveCfg = Debug|Any CPU
		{D08203A9-41CE-46DE-835B-843DDE41C2CC}.Debug|Any CPU.Build.0 = Debug|Any CPU
		{D08203A9-41CE-46DE-835B-843DDE41C2CC}.Release|Any CPU.ActiveCfg = Release|Any CPU
		{D08203A9-41CE-46DE-835B-843DDE41C2CC}.Release|Any CPU.Build.0 = Release|Any CPU
		{C26AC7E3-07C2-41DB-82D9-B40F17086A78}.Debug|Any CPU.ActiveCfg = Debug|Any CPU
		{C26AC7E3-07C2-41DB-82D9-B40F17086A78}.Debug|Any CPU.Build.0 = Debug|Any CPU
		{C26AC7E3-07C2-41DB-82D9-B40F17086A78}.Release|Any CPU.ActiveCfg = Release|Any CPU
		{C26AC7E3-07C2-41DB-82D9-B40F17086A78}.Release|Any CPU.Build.0 = Release|Any CPU
		{4EFF9E85-6882-4389-AB11-904235302282}.Debug|Any CPU.ActiveCfg = Debug|Any CPU
		{4EFF9E85-6882-4389-AB11-904235302282}.Debug|Any CPU.Build.0 = Debug|Any CPU
		{4EFF9E85-6882-4389-AB11-904235302282}.Release|Any CPU.ActiveCfg = Release|Any CPU
		{4EFF9E85-6882-4389-AB11-904235302282}.Release|Any CPU.Build.0 = Release|Any CPU
		{3229940A-0D1C-481D-A4BB-B809F7CA03C1}.Debug|Any CPU.ActiveCfg = Debug|Any CPU
		{3229940A-0D1C-481D-A4BB-B809F7CA03C1}.Debug|Any CPU.Build.0 = Debug|Any CPU
		{3229940A-0D1C-481D-A4BB-B809F7CA03C1}.Release|Any CPU.ActiveCfg = Release|Any CPU
		{3229940A-0D1C-481D-A4BB-B809F7CA03C1}.Release|Any CPU.Build.0 = Release|Any CPU
		{DBDCD20D-DBBC-432E-823F-01AE68D2FCA6}.Debug|Any CPU.ActiveCfg = Debug|Any CPU
		{DBDCD20D-DBBC-432E-823F-01AE68D2FCA6}.Debug|Any CPU.Build.0 = Debug|Any CPU
		{DBDCD20D-DBBC-432E-823F-01AE68D2FCA6}.Release|Any CPU.ActiveCfg = Release|Any CPU
		{DBDCD20D-DBBC-432E-823F-01AE68D2FCA6}.Release|Any CPU.Build.0 = Release|Any CPU
		{8FB4B2A6-9F7C-4599-BDA7-2652851F49D1}.Debug|Any CPU.ActiveCfg = Debug|Any CPU
		{8FB4B2A6-9F7C-4599-BDA7-2652851F49D1}.Debug|Any CPU.Build.0 = Debug|Any CPU
		{8FB4B2A6-9F7C-4599-BDA7-2652851F49D1}.Release|Any CPU.ActiveCfg = Release|Any CPU
		{8FB4B2A6-9F7C-4599-BDA7-2652851F49D1}.Release|Any CPU.Build.0 = Release|Any CPU
		{DD4B3C13-DE21-4756-AA31-18F560CD64F9}.Debug|Any CPU.ActiveCfg = Debug|Any CPU
		{DD4B3C13-DE21-4756-AA31-18F560CD64F9}.Debug|Any CPU.Build.0 = Debug|Any CPU
		{DD4B3C13-DE21-4756-AA31-18F560CD64F9}.Release|Any CPU.ActiveCfg = Release|Any CPU
		{DD4B3C13-DE21-4756-AA31-18F560CD64F9}.Release|Any CPU.Build.0 = Release|Any CPU
		{4629BD55-2A77-4901-89A1-7F1A5F7E16F6}.Debug|Any CPU.ActiveCfg = Debug|Any CPU
		{4629BD55-2A77-4901-89A1-7F1A5F7E16F6}.Debug|Any CPU.Build.0 = Debug|Any CPU
		{4629BD55-2A77-4901-89A1-7F1A5F7E16F6}.Release|Any CPU.ActiveCfg = Release|Any CPU
		{4629BD55-2A77-4901-89A1-7F1A5F7E16F6}.Release|Any CPU.Build.0 = Release|Any CPU
		{FA5F1C1A-3C17-412B-BF70-893FDA748C60}.Debug|Any CPU.ActiveCfg = Debug|Any CPU
		{FA5F1C1A-3C17-412B-BF70-893FDA748C60}.Debug|Any CPU.Build.0 = Debug|Any CPU
		{FA5F1C1A-3C17-412B-BF70-893FDA748C60}.Release|Any CPU.ActiveCfg = Release|Any CPU
		{FA5F1C1A-3C17-412B-BF70-893FDA748C60}.Release|Any CPU.Build.0 = Release|Any CPU
		{03B51AE4-009A-4654-90BA-585105A941F4}.Debug|Any CPU.ActiveCfg = Debug|Any CPU
		{03B51AE4-009A-4654-90BA-585105A941F4}.Debug|Any CPU.Build.0 = Debug|Any CPU
		{03B51AE4-009A-4654-90BA-585105A941F4}.Release|Any CPU.ActiveCfg = Release|Any CPU
		{03B51AE4-009A-4654-90BA-585105A941F4}.Release|Any CPU.Build.0 = Release|Any CPU
		{BA152884-F12F-433C-BB2E-B948AD4E7E27}.Debug|Any CPU.ActiveCfg = Debug|Any CPU
		{BA152884-F12F-433C-BB2E-B948AD4E7E27}.Debug|Any CPU.Build.0 = Debug|Any CPU
		{BA152884-F12F-433C-BB2E-B948AD4E7E27}.Release|Any CPU.ActiveCfg = Release|Any CPU
		{BA152884-F12F-433C-BB2E-B948AD4E7E27}.Release|Any CPU.Build.0 = Release|Any CPU
		{56CE736A-0332-4064-B888-E637A288C0FC}.Debug|Any CPU.ActiveCfg = Debug|Any CPU
		{56CE736A-0332-4064-B888-E637A288C0FC}.Debug|Any CPU.Build.0 = Debug|Any CPU
		{56CE736A-0332-4064-B888-E637A288C0FC}.Release|Any CPU.ActiveCfg = Release|Any CPU
		{56CE736A-0332-4064-B888-E637A288C0FC}.Release|Any CPU.Build.0 = Release|Any CPU
		{05510CF8-0095-40FF-9B9C-CC279F8494D7}.Debug|Any CPU.ActiveCfg = Debug|Any CPU
		{05510CF8-0095-40FF-9B9C-CC279F8494D7}.Debug|Any CPU.Build.0 = Debug|Any CPU
		{05510CF8-0095-40FF-9B9C-CC279F8494D7}.Release|Any CPU.ActiveCfg = Release|Any CPU
		{05510CF8-0095-40FF-9B9C-CC279F8494D7}.Release|Any CPU.Build.0 = Release|Any CPU
		{40C63E37-8712-45E2-B375-0EBCBE19E170}.Debug|Any CPU.ActiveCfg = Debug|Any CPU
		{40C63E37-8712-45E2-B375-0EBCBE19E170}.Debug|Any CPU.Build.0 = Debug|Any CPU
		{40C63E37-8712-45E2-B375-0EBCBE19E170}.Release|Any CPU.ActiveCfg = Release|Any CPU
		{40C63E37-8712-45E2-B375-0EBCBE19E170}.Release|Any CPU.Build.0 = Release|Any CPU
		{480469A3-6A26-4011-8B1E-98898FB75093}.Debug|Any CPU.ActiveCfg = Debug|Any CPU
		{480469A3-6A26-4011-8B1E-98898FB75093}.Debug|Any CPU.Build.0 = Debug|Any CPU
		{480469A3-6A26-4011-8B1E-98898FB75093}.Release|Any CPU.ActiveCfg = Release|Any CPU
		{480469A3-6A26-4011-8B1E-98898FB75093}.Release|Any CPU.Build.0 = Release|Any CPU
		{BAB232B5-A3BF-4276-B4CE-D0A7296986D3}.Debug|Any CPU.ActiveCfg = Debug|Any CPU
		{BAB232B5-A3BF-4276-B4CE-D0A7296986D3}.Debug|Any CPU.Build.0 = Debug|Any CPU
		{BAB232B5-A3BF-4276-B4CE-D0A7296986D3}.Release|Any CPU.ActiveCfg = Release|Any CPU
		{BAB232B5-A3BF-4276-B4CE-D0A7296986D3}.Release|Any CPU.Build.0 = Release|Any CPU
		{047E79A5-7F7C-41FD-865B-C2F4DFD48CEA}.Debug|Any CPU.ActiveCfg = Debug|Any CPU
		{047E79A5-7F7C-41FD-865B-C2F4DFD48CEA}.Debug|Any CPU.Build.0 = Debug|Any CPU
		{047E79A5-7F7C-41FD-865B-C2F4DFD48CEA}.Release|Any CPU.ActiveCfg = Release|Any CPU
		{047E79A5-7F7C-41FD-865B-C2F4DFD48CEA}.Release|Any CPU.Build.0 = Release|Any CPU
	EndGlobalSection
	GlobalSection(SolutionProperties) = preSolution
		HideSolutionNode = FALSE
	EndGlobalSection
	GlobalSection(NestedProjects) = preSolution
		{940022B8-54ED-4212-8894-6DBB5CBB653D} = {268BDD99-B48D-455F-9056-B37D25238E4A}
		{1A5C7C56-64AD-42A7-8705-FF7C2D439493} = {22321A0B-F099-4E96-98F5-B6ACE64617DC}
		{B8ADF674-D0CD-4285-BA98-20AB2CE1C9DC} = {22321A0B-F099-4E96-98F5-B6ACE64617DC}
		{D08203A9-41CE-46DE-835B-843DDE41C2CC} = {268BDD99-B48D-455F-9056-B37D25238E4A}
		{C26AC7E3-07C2-41DB-82D9-B40F17086A78} = {470CB50B-0DCB-480B-8B1D-BF9930896F12}
		{4EFF9E85-6882-4389-AB11-904235302282} = {470CB50B-0DCB-480B-8B1D-BF9930896F12}
		{3229940A-0D1C-481D-A4BB-B809F7CA03C1} = {470CB50B-0DCB-480B-8B1D-BF9930896F12}
		{DBDCD20D-DBBC-432E-823F-01AE68D2FCA6} = {00A840DD-91BC-4744-BF93-C58ECF203A3F}
		{8FB4B2A6-9F7C-4599-BDA7-2652851F49D1} = {23F758CE-265A-448B-A3D5-556BF9D58FF0}
		{DD4B3C13-DE21-4756-AA31-18F560CD64F9} = {23F758CE-265A-448B-A3D5-556BF9D58FF0}
		{4629BD55-2A77-4901-89A1-7F1A5F7E16F6} = {8F600FCA-F912-4EEF-91F9-E16F7DC0FDD9}
		{FA5F1C1A-3C17-412B-BF70-893FDA748C60} = {8F600FCA-F912-4EEF-91F9-E16F7DC0FDD9}
		{03B51AE4-009A-4654-90BA-585105A941F4} = {8F600FCA-F912-4EEF-91F9-E16F7DC0FDD9}
		{BA152884-F12F-433C-BB2E-B948AD4E7E27} = {3F321918-4D54-469F-96D1-B33779B4AC43}
		{56CE736A-0332-4064-B888-E637A288C0FC} = {43FBE782-1A63-4424-B80A-2F54276AB688}
		{05510CF8-0095-40FF-9B9C-CC279F8494D7} = {02D2B8DD-8701-4DBF-A81B-8322BA4D305A}
		{40C63E37-8712-45E2-B375-0EBCBE19E170} = {02D2B8DD-8701-4DBF-A81B-8322BA4D305A}
		{480469A3-6A26-4011-8B1E-98898FB75093} = {02D2B8DD-8701-4DBF-A81B-8322BA4D305A}
		{BAB232B5-A3BF-4276-B4CE-D0A7296986D3} = {02D2B8DD-8701-4DBF-A81B-8322BA4D305A}
		{047E79A5-7F7C-41FD-865B-C2F4DFD48CEA} = {02D2B8DD-8701-4DBF-A81B-8322BA4D305A}
	EndGlobalSection
	GlobalSection(ExtensibilityGlobals) = postSolution
		SolutionGuid = {9D89011D-0A43-49EB-8AC4-E208B941D56F}
	EndGlobalSection
EndGlobal
