
Microsoft Visual Studio Solution File, Format Version 12.00
# Visual Studio Version 16
VisualStudioVersion = 16.0.31205.134
MinimumVisualStudioVersion = 10.0.40219.1
Project("{9A19103F-16F7-4668-BE54-9A1E7A4F7556}") = "ITMO.CSharp.Lab2.BankAccount", "ITMO.CSharp.Lab2.BankAccount\ITMO.CSharp.Lab2.BankAccount.csproj", "{940022B8-54ED-4212-8894-6DBB5CBB653D}"
EndProject
Project("{2150E333-8FDC-42A3-9474-1A3956D46DE8}") = "Lab1", "Lab1", "{22321A0B-F099-4E96-98F5-B6ACE64617DC}"
EndProject
Project("{9A19103F-16F7-4668-BE54-9A1E7A4F7556}") = "ITMO.CSharp.Lab1.Greeter", "ITMO.CSharp.Lab1.Greeter\ITMO.CSharp.Lab1.Greeter.csproj", "{1A5C7C56-64AD-42A7-8705-FF7C2D439493}"
EndProject
Project("{9A19103F-16F7-4668-BE54-9A1E7A4F7556}") = "ITMO.CSharp.Lab1.DivideIt", "ITMO.CSharp.Lab1.DivideIt\ITMO.CSharp.Lab1.DivideIt.csproj", "{B8ADF674-D0CD-4285-BA98-20AB2CE1C9DC}"
EndProject
Project("{2150E333-8FDC-42A3-9474-1A3956D46DE8}") = "Lab2", "Lab2", "{268BDD99-B48D-455F-9056-B37D25238E4A}"
EndProject
Project("{9A19103F-16F7-4668-BE54-9A1E7A4F7556}") = "ITMO.CSharp.Lab2.StructType", "ITMO.CSharp.Lab2.StructType\ITMO.CSharp.Lab2.StructType.csproj", "{D08203A9-41CE-46DE-835B-843DDE41C2CC}"
EndProject
Project("{2150E333-8FDC-42A3-9474-1A3956D46DE8}") = "Lab3", "Lab3", "{470CB50B-0DCB-480B-8B1D-BF9930896F12}"
EndProject
Project("{9A19103F-16F7-4668-BE54-9A1E7A4F7556}") = "ITMO.CSharp.Lab3.WhatDay1", "ITMO.CSharp.Lab3.WhatDay1\ITMO.CSharp.Lab3.WhatDay1.csproj", "{C26AC7E3-07C2-41DB-82D9-B40F17086A78}"
EndProject
Project("{9A19103F-16F7-4668-BE54-9A1E7A4F7556}") = "ITMO.CSharp.Lab3.WhatDay2", "ITMO.CSharp.Lab3.WhatDay2\ITMO.CSharp.Lab3.WhatDay2.csproj", "{4EFF9E85-6882-4389-AB11-904235302282}"
EndProject
Project("{9A19103F-16F7-4668-BE54-9A1E7A4F7556}") = "ITMO.CSharp.Lab3.WhatDay3", "ITMO.CSharp.Lab3.WhatDay3\ITMO.CSharp.Lab3.WhatDay3.csproj", "{3229940A-0D1C-481D-A4BB-B809F7CA03C1}"
EndProject
Project("{2150E333-8FDC-42A3-9474-1A3956D46DE8}") = "Lab4", "Lab4", "{00A840DD-91BC-4744-BF93-C58ECF203A3F}"
EndProject
Project("{FAE04EC0-301F-11D3-BF4B-00C04F79EFBC}") = "ITMO.CSharp.Lab4.Utility", "ITMO.CSharp.Lab4.Utility\ITMO.CSharp.Lab4.Utility.csproj", "{DBDCD20D-DBBC-432E-823F-01AE68D2FCA6}"
EndProject
Global
	GlobalSection(SolutionConfigurationPlatforms) = preSolution
		Debug|Any CPU = Debug|Any CPU
		Release|Any CPU = Release|Any CPU
	EndGlobalSection
	GlobalSection(ProjectConfigurationPlatforms) = postSolution
		{940022B8-54ED-4212-8894-6DBB5CBB653D}.Debug|Any CPU.ActiveCfg = Debug|Any CPU
		{940022B8-54ED-4212-8894-6DBB5CBB653D}.Debug|Any CPU.Build.0 = Debug|Any CPU
		{940022B8-54ED-4212-8894-6DBB5CBB653D}.Release|Any CPU.ActiveCfg = Release|Any CPU
		{940022B8-54ED-4212-8894-6DBB5CBB653D}.Release|Any CPU.Build.0 = Release|Any CPU
		{1A5C7C56-64AD-42A7-8705-FF7C2D439493}.Debug|Any CPU.ActiveCfg = Debug|Any CPU
		{1A5C7C56-64AD-42A7-8705-FF7C2D439493}.Debug|Any CPU.Build.0 = Debug|Any CPU
		{1A5C7C56-64AD-42A7-8705-FF7C2D439493}.Release|Any CPU.ActiveCfg = Release|Any CPU
		{1A5C7C56-64AD-42A7-8705-FF7C2D439493}.Release|Any CPU.Build.0 = Release|Any CPU
		{B8ADF674-D0CD-4285-BA98-20AB2CE1C9DC}.Debug|Any CPU.ActiveCfg = Debug|Any CPU
		{B8ADF674-D0CD-4285-BA98-20AB2CE1C9DC}.Debug|Any CPU.Build.0 = Debug|Any CPU
		{B8ADF674-D0CD-4285-BA98-20AB2CE1C9DC}.Release|Any CPU.ActiveCfg = Release|Any CPU
		{B8ADF674-D0CD-4285-BA98-20AB2CE1C9DC}.Release|Any CPU.Build.0 = Release|Any CPU
		{D08203A9-41CE-46DE-835B-843DDE41C2CC}.Debug|Any CPU.ActiveCfg = Debug|Any CPU
		{D08203A9-41CE-46DE-835B-843DDE41C2CC}.Debug|Any CPU.Build.0 = Debug|Any CPU
		{D08203A9-41CE-46DE-835B-843DDE41C2CC}.Release|Any CPU.ActiveCfg = Release|Any CPU
		{D08203A9-41CE-46DE-835B-843DDE41C2CC}.Release|Any CPU.Build.0 = Release|Any CPU
		{C26AC7E3-07C2-41DB-82D9-B40F17086A78}.Debug|Any CPU.ActiveCfg = Debug|Any CPU
		{C26AC7E3-07C2-41DB-82D9-B40F17086A78}.Debug|Any CPU.Build.0 = Debug|Any CPU
		{C26AC7E3-07C2-41DB-82D9-B40F17086A78}.Release|Any CPU.ActiveCfg = Release|Any CPU
		{C26AC7E3-07C2-41DB-82D9-B40F17086A78}.Release|Any CPU.Build.0 = Release|Any CPU
		{4EFF9E85-6882-4389-AB11-904235302282}.Debug|Any CPU.ActiveCfg = Debug|Any CPU
		{4EFF9E85-6882-4389-AB11-904235302282}.Debug|Any CPU.Build.0 = Debug|Any CPU
		{4EFF9E85-6882-4389-AB11-904235302282}.Release|Any CPU.ActiveCfg = Release|Any CPU
		{4EFF9E85-6882-4389-AB11-904235302282}.Release|Any CPU.Build.0 = Release|Any CPU
		{3229940A-0D1C-481D-A4BB-B809F7CA03C1}.Debug|Any CPU.ActiveCfg = Debug|Any CPU
		{3229940A-0D1C-481D-A4BB-B809F7CA03C1}.Debug|Any CPU.Build.0 = Debug|Any CPU
		{3229940A-0D1C-481D-A4BB-B809F7CA03C1}.Release|Any CPU.ActiveCfg = Release|Any CPU
		{3229940A-0D1C-481D-A4BB-B809F7CA03C1}.Release|Any CPU.Build.0 = Release|Any CPU
		{DBDCD20D-DBBC-432E-823F-01AE68D2FCA6}.Debug|Any CPU.ActiveCfg = Debug|Any CPU
		{DBDCD20D-DBBC-432E-823F-01AE68D2FCA6}.Debug|Any CPU.Build.0 = Debug|Any CPU
		{DBDCD20D-DBBC-432E-823F-01AE68D2FCA6}.Release|Any CPU.ActiveCfg = Release|Any CPU
		{DBDCD20D-DBBC-432E-823F-01AE68D2FCA6}.Release|Any CPU.Build.0 = Release|Any CPU
	EndGlobalSection
	GlobalSection(SolutionProperties) = preSolution
		HideSolutionNode = FALSE
	EndGlobalSection
	GlobalSection(NestedProjects) = preSolution
		{940022B8-54ED-4212-8894-6DBB5CBB653D} = {268BDD99-B48D-455F-9056-B37D25238E4A}
		{1A5C7C56-64AD-42A7-8705-FF7C2D439493} = {22321A0B-F099-4E96-98F5-B6ACE64617DC}
		{B8ADF674-D0CD-4285-BA98-20AB2CE1C9DC} = {22321A0B-F099-4E96-98F5-B6ACE64617DC}
		{D08203A9-41CE-46DE-835B-843DDE41C2CC} = {268BDD99-B48D-455F-9056-B37D25238E4A}
		{C26AC7E3-07C2-41DB-82D9-B40F17086A78} = {470CB50B-0DCB-480B-8B1D-BF9930896F12}
		{4EFF9E85-6882-4389-AB11-904235302282} = {470CB50B-0DCB-480B-8B1D-BF9930896F12}
		{3229940A-0D1C-481D-A4BB-B809F7CA03C1} = {470CB50B-0DCB-480B-8B1D-BF9930896F12}
		{DBDCD20D-DBBC-432E-823F-01AE68D2FCA6} = {00A840DD-91BC-4744-BF93-C58ECF203A3F}
	EndGlobalSection
	GlobalSection(ExtensibilityGlobals) = postSolution
		SolutionGuid = {9D89011D-0A43-49EB-8AC4-E208B941D56F}
	EndGlobalSection
EndGlobal
