
Microsoft Visual Studio Solution File, Format Version 12.00
# Visual Studio Version 16
VisualStudioVersion = 16.0.31205.134
MinimumVisualStudioVersion = 10.0.40219.1
Project("{FAE04EC0-301F-11D3-BF4B-00C04F79EFBC}") = "ITMO.CSharp", "ITMO.CSharp\ITMO.CSharp.csproj", "{940022B8-54ED-4212-8894-6DBB5CBB653D}"
EndProject
Project("{2150E333-8FDC-42A3-9474-1A3956D46DE8}") = "Lab1", "Lab1", "{22321A0B-F099-4E96-98F5-B6ACE64617DC}"
EndProject
Project("{FAE04EC0-301F-11D3-BF4B-00C04F79EFBC}") = "ITMO.CSharp. Lab1.Greeter", "ITMO.CSharp. Lab1.Greeter\ITMO.CSharp. Lab1.Greeter.csproj", "{1A5C7C56-64AD-42A7-8705-FF7C2D439493}"
EndProject
Project("{FAE04EC0-301F-11D3-BF4B-00C04F79EFBC}") = "ITMO.CSharp.Lab1.DivideIt", "ITMO.CSharp.Lab1.DivideIt\ITMO.CSharp.Lab1.DivideIt.csproj", "{B8ADF674-D0CD-4285-BA98-20AB2CE1C9DC}"
EndProject
Global
	GlobalSection(SolutionConfigurationPlatforms) = preSolution
		Debug|Any CPU = Debug|Any CPU
		Release|Any CPU = Release|Any CPU
	EndGlobalSection
	GlobalSection(ProjectConfigurationPlatforms) = postSolution
		{940022B8-54ED-4212-8894-6DBB5CBB653D}.Debug|Any CPU.ActiveCfg = Debug|Any CPU
		{940022B8-54ED-4212-8894-6DBB5CBB653D}.Debug|Any CPU.Build.0 = Debug|Any CPU
		{940022B8-54ED-4212-8894-6DBB5CBB653D}.Release|Any CPU.ActiveCfg = Release|Any CPU
		{940022B8-54ED-4212-8894-6DBB5CBB653D}.Release|Any CPU.Build.0 = Release|Any CPU
		{1A5C7C56-64AD-42A7-8705-FF7C2D439493}.Debug|Any CPU.ActiveCfg = Debug|Any CPU
		{1A5C7C56-64AD-42A7-8705-FF7C2D439493}.Debug|Any CPU.Build.0 = Debug|Any CPU
		{1A5C7C56-64AD-42A7-8705-FF7C2D439493}.Release|Any CPU.ActiveCfg = Release|Any CPU
		{1A5C7C56-64AD-42A7-8705-FF7C2D439493}.Release|Any CPU.Build.0 = Release|Any CPU
		{B8ADF674-D0CD-4285-BA98-20AB2CE1C9DC}.Debug|Any CPU.ActiveCfg = Debug|Any CPU
		{B8ADF674-D0CD-4285-BA98-20AB2CE1C9DC}.Debug|Any CPU.Build.0 = Debug|Any CPU
		{B8ADF674-D0CD-4285-BA98-20AB2CE1C9DC}.Release|Any CPU.ActiveCfg = Release|Any CPU
		{B8ADF674-D0CD-4285-BA98-20AB2CE1C9DC}.Release|Any CPU.Build.0 = Release|Any CPU
	EndGlobalSection
	GlobalSection(SolutionProperties) = preSolution
		HideSolutionNode = FALSE
	EndGlobalSection
	GlobalSection(NestedProjects) = preSolution
		{1A5C7C56-64AD-42A7-8705-FF7C2D439493} = {22321A0B-F099-4E96-98F5-B6ACE64617DC}
		{B8ADF674-D0CD-4285-BA98-20AB2CE1C9DC} = {22321A0B-F099-4E96-98F5-B6ACE64617DC}
	EndGlobalSection
	GlobalSection(ExtensibilityGlobals) = postSolution
		SolutionGuid = {9D89011D-0A43-49EB-8AC4-E208B941D56F}
	EndGlobalSection
EndGlobal
